
Microsoft Visual Studio Solution File, Format Version 12.00
# Visual Studio Version 16
VisualStudioVersion = 16.0.30621.155
MinimumVisualStudioVersion = 10.0.40219.1
Project("{8BC9CEB8-8B4A-11D0-8D11-00A0C91BC942}") = "Server", "Server\Server.vcxproj", "{DE7649EC-AC39-43D9-B7BA-DE1CCF9ADCDB}"
EndProject
Global
	GlobalSection(SolutionConfigurationPlatforms) = preSolution
		Debug|x64 = Debug|x64
		Debug|x86 = Debug|x86
		Release|x64 = Release|x64
		Release|x86 = Release|x86
	EndGlobalSection
	GlobalSection(ProjectConfigurationPlatforms) = postSolution
		{DE7649EC-AC39-43D9-B7BA-DE1CCF9ADCDB}.Debug|x64.ActiveCfg = Debug|x64
		{DE7649EC-AC39-43D9-B7BA-DE1CCF9ADCDB}.Debug|x64.Build.0 = Debug|x64
		{DE7649EC-AC39-43D9-B7BA-DE1CCF9ADCDB}.Debug|x86.ActiveCfg = Debug|Win32
		{DE7649EC-AC39-43D9-B7BA-DE1CCF9ADCDB}.Debug|x86.Build.0 = Debug|Win32
		{DE7649EC-AC39-43D9-B7BA-DE1CCF9ADCDB}.Release|x64.ActiveCfg = Release|x64
		{DE7649EC-AC39-43D9-B7BA-DE1CCF9ADCDB}.Release|x64.Build.0 = Release|x64
		{DE7649EC-AC39-43D9-B7BA-DE1CCF9ADCDB}.Release|x86.ActiveCfg = Release|Win32
		{DE7649EC-AC39-43D9-B7BA-DE1CCF9ADCDB}.Release|x86.Build.0 = Release|Win32
	EndGlobalSection
	GlobalSection(SolutionProperties) = preSolution
		HideSolutionNode = FALSE
	EndGlobalSection
	GlobalSection(ExtensibilityGlobals) = postSolution
		SolutionGuid = {9F56CE43-C184-44FF-B9D3-5A9FD9D9CFD7}
	EndGlobalSection
EndGlobal
